# This file is automatically @generated by Poetry 1.6.1 and should not be changed by hand.

[[package]]
name = "altgraph"
version = "0.17.4"
description = "Python graph (network) package"
optional = false
python-versions = "*"
files = [
    {file = "altgraph-0.17.4-py2.py3-none-any.whl", hash = "sha256:642743b4750de17e655e6711601b077bc6598dbfa3ba5fa2b2a35ce12b508dff"},
    {file = "altgraph-0.17.4.tar.gz", hash = "sha256:1b5afbb98f6c4dcadb2e2ae6ab9fa994bbb8c1d75f4fa96d340f9437ae454406"},
]

[[package]]
name = "importlib-metadata"
version = "6.8.0"
description = "Read metadata from Python packages"
optional = false
python-versions = ">=3.8"
files = [
    {file = "importlib_metadata-6.8.0-py3-none-any.whl", hash = "sha256:3ebb78df84a805d7698245025b975d9d67053cd94c79245ba4b3eb694abe68bb"},
    {file = "importlib_metadata-6.8.0.tar.gz", hash = "sha256:dbace7892d8c0c4ac1ad096662232f831d4e64f4c4545bd53016a3e9d4654743"},
]

[package.dependencies]
zipp = ">=0.5"

[package.extras]
docs = ["furo", "jaraco.packaging (>=9)", "jaraco.tidelift (>=1.4)", "rst.linker (>=1.9)", "sphinx (>=3.5)", "sphinx-lint"]
perf = ["ipython"]
testing = ["flufl.flake8", "importlib-resources (>=1.3)", "packaging", "pyfakefs", "pytest (>=6)", "pytest-black (>=0.3.7)", "pytest-checkdocs (>=2.4)", "pytest-cov", "pytest-enabler (>=2.2)", "pytest-mypy (>=0.9.1)", "pytest-perf (>=0.9.2)", "pytest-ruff"]

[[package]]
name = "macholib"
version = "1.16.3"
description = "Mach-O header analysis and editing"
optional = false
python-versions = "*"
files = [
    {file = "macholib-1.16.3-py2.py3-none-any.whl", hash = "sha256:0e315d7583d38b8c77e815b1ecbdbf504a8258d8b3e17b61165c6feb60d18f2c"},
    {file = "macholib-1.16.3.tar.gz", hash = "sha256:07ae9e15e8e4cd9a788013d81f5908b3609aa76f9b1421bae9c4d7606ec86a30"},
]

[package.dependencies]
altgraph = ">=0.17"

[[package]]
name = "packaging"
version = "23.2"
description = "Core utilities for Python packages"
optional = false
python-versions = ">=3.7"
files = [
    {file = "packaging-23.2-py3-none-any.whl", hash = "sha256:8c491190033a9af7e1d931d0b5dacc2ef47509b34dd0de67ed209b5203fc88c7"},
    {file = "packaging-23.2.tar.gz", hash = "sha256:048fb0e9405036518eaaf48a55953c750c11e1a1b68e0dd1a9d62ed0c092cfc5"},
]

[[package]]
name = "pefile"
version = "2023.2.7"
description = "Python PE parsing module"
optional = false
python-versions = ">=3.6.0"
files = [
    {file = "pefile-2023.2.7-py3-none-any.whl", hash = "sha256:da185cd2af68c08a6cd4481f7325ed600a88f6a813bad9dea07ab3ef73d8d8d6"},
    {file = "pefile-2023.2.7.tar.gz", hash = "sha256:82e6114004b3d6911c77c3953e3838654b04511b8b66e8583db70c65998017dc"},
]

[[package]]
name = "pyinstaller"
version = "6.1.0"
description = "PyInstaller bundles a Python application and all its dependencies into a single package."
optional = false
python-versions = "<3.13,>=3.8"
files = [
    {file = "pyinstaller-6.1.0-py3-none-macosx_10_13_universal2.whl", hash = "sha256:da78942d31c1911ea4abcd3ca3bd0c062af7f163a5e227fd18a359b61deda4ca"},
    {file = "pyinstaller-6.1.0-py3-none-manylinux2014_aarch64.whl", hash = "sha256:f63d2353537bac7bfeeaedbe5ac99f3be35daa290dd1ad1be90768acbf77e3d5"},
    {file = "pyinstaller-6.1.0-py3-none-manylinux2014_i686.whl", hash = "sha256:6e71d9f6f5a1e0f7523e8ebee1b76bb29538f64d863e3711c2b21033f499e2b9"},
    {file = "pyinstaller-6.1.0-py3-none-manylinux2014_ppc64le.whl", hash = "sha256:bebf6f442bbe6343acaec873803510ee1930d026846a018f727da4e0690081f8"},
    {file = "pyinstaller-6.1.0-py3-none-manylinux2014_s390x.whl", hash = "sha256:3c04963637481a3edf1eec64ab4c3fce098908f02fc472c11e73be7eedc08b95"},
    {file = "pyinstaller-6.1.0-py3-none-manylinux2014_x86_64.whl", hash = "sha256:4368e4eb9999ce32e3280330b3c26f175e0fa7fa13efb4d2dc4ade488ff6d7c2"},
    {file = "pyinstaller-6.1.0-py3-none-musllinux_1_1_aarch64.whl", hash = "sha256:041ab9311d08162356829bf47293a613c44dc9ace28846fb63098889c7383c5d"},
    {file = "pyinstaller-6.1.0-py3-none-musllinux_1_1_x86_64.whl", hash = "sha256:331f050e8f9e923bb6b50454acfc0547fd52092585c61eb5f2fc93de60703f13"},
    {file = "pyinstaller-6.1.0-py3-none-win32.whl", hash = "sha256:9e8b5bbc1bdf554ade1360e62e4959091430c3cc15ebfff3c28c8894fd1f312a"},
    {file = "pyinstaller-6.1.0-py3-none-win_amd64.whl", hash = "sha256:f9f5bcaef6122d93c54ee7a9ecb07eab5b81a7ebfb5cb99af2b2a6ff49eff62f"},
    {file = "pyinstaller-6.1.0-py3-none-win_arm64.whl", hash = "sha256:dd438afd2abb643f5399c0cb254a11c217c06782cb274a2911dd785f9f67fa9e"},
    {file = "pyinstaller-6.1.0.tar.gz", hash = "sha256:8f3d49c60f3344bf3d4a6d4258bda665dad185ab2b097341d3af2a6387c838ef"},
]

[package.dependencies]
altgraph = "*"
importlib-metadata = {version = ">=4.6", markers = "python_version < \"3.10\""}
macholib = {version = ">=1.8", markers = "sys_platform == \"darwin\""}
packaging = ">=20.0"
pefile = {version = ">=2022.5.30", markers = "sys_platform == \"win32\""}
pyinstaller-hooks-contrib = ">=2021.4"
pywin32-ctypes = {version = ">=0.2.1", markers = "sys_platform == \"win32\""}
setuptools = ">=42.0.0"

[package.extras]
hook-testing = ["execnet (>=1.5.0)", "psutil", "pytest (>=2.7.3)"]

[[package]]
name = "pyinstaller-hooks-contrib"
version = "2023.10"
description = "Community maintained hooks for PyInstaller"
optional = false
python-versions = ">=3.7"
files = [
    {file = "pyinstaller-hooks-contrib-2023.10.tar.gz", hash = "sha256:4b4a998036abb713774cb26534ca06b7e6e09e4c628196017a10deb11a48747f"},
    {file = "pyinstaller_hooks_contrib-2023.10-py2.py3-none-any.whl", hash = "sha256:6dc1786a8f452941245d5bb85893e2a33632ebdcbc4c23eea41f2ee08281b0c0"},
]

[[package]]
name = "pyqt5"
version = "5.15.0"
description = "Python bindings for the Qt cross platform application toolkit"
optional = false
python-versions = ">=3.5"
files = [
    {file = "PyQt5-5.15.0-5.15.0-cp35.cp36.cp37.cp38-abi3-macosx_10_6_intel.whl", hash = "sha256:14be35c0c1bcc804791a096d2ef9950f12c6fd34dd11dbe61b8c769fefcdf98c"},
    {file = "PyQt5-5.15.0-5.15.0-cp35.cp36.cp37.cp38-abi3-manylinux2014_x86_64.whl", hash = "sha256:3605d34ba6291b9194c46035e228d6d01f39d120cf5ecc70301c11e7900fed21"},
    {file = "PyQt5-5.15.0-5.15.0-cp35.cp36.cp37.cp38-none-win32.whl", hash = "sha256:e05c86b8c4f02d62a5b355d426fd8d063781dd44c6a3f916640a5beb40efe60a"},
    {file = "PyQt5-5.15.0-5.15.0-cp35.cp36.cp37.cp38-none-win_amd64.whl", hash = "sha256:5bac0fab1e9891d73400c2470a9cb810e6bdbc7027a84ae4d3ec83436f1109ec"},
    {file = "PyQt5-5.15.0.tar.gz", hash = "sha256:c6f75488ffd5365a65893bc64ea82a6957db126fbfe33654bcd43ae1c30c52f9"},
]

[package.dependencies]
PyQt5-sip = ">=12.8,<13"

[[package]]
name = "pyqt5-sip"
version = "12.13.0"
description = "The sip module support for PyQt5"
optional = false
python-versions = ">=3.7"
files = [
    {file = "PyQt5_sip-12.13.0-cp310-cp310-macosx_10_9_universal2.whl", hash = "sha256:a7e3623b2c743753625c4650ec7696362a37fb36433b61824cf257f6d3d43cca"},
    {file = "PyQt5_sip-12.13.0-cp310-cp310-manylinux_2_5_x86_64.manylinux1_x86_64.whl", hash = "sha256:6e4ac714252370ca037c7d609da92388057165edd4f94e63354f6d65c3ed9d53"},
    {file = "PyQt5_sip-12.13.0-cp310-cp310-win32.whl", hash = "sha256:d5032da3fff62da055104926ffe76fd6044c1221f8ad35bb60804bcb422fe866"},
    {file = "PyQt5_sip-12.13.0-cp310-cp310-win_amd64.whl", hash = "sha256:9a8cdd6cb66adcbe5c941723ed1544eba05cf19b6c961851b58ccdae1c894afb"},
    {file = "PyQt5_sip-12.13.0-cp311-cp311-macosx_10_9_universal2.whl", hash = "sha256:0f85fb633a522f04e48008de49dce1ff1d947011b48885b8428838973fbca412"},
    {file = "PyQt5_sip-12.13.0-cp311-cp311-manylinux_2_5_x86_64.manylinux1_x86_64.whl", hash = "sha256:ec60162e034c42fb99859206d62b83b74f987d58937b3a82bdc07b5c3d190dec"},
    {file = "PyQt5_sip-12.13.0-cp311-cp311-win32.whl", hash = "sha256:205cd449d08a2b024a468fb6100cd7ed03e946b4f49706f508944006f955ae1a"},
    {file = "PyQt5_sip-12.13.0-cp311-cp311-win_amd64.whl", hash = "sha256:1c8371682f77852256f1f2d38c41e2e684029f43330f0635870895ab01c02f6c"},
    {file = "PyQt5_sip-12.13.0-cp312-cp312-macosx_10_9_universal2.whl", hash = "sha256:7fe3375b508c5bc657d73b9896bba8a768791f1f426c68053311b046bcebdddf"},
    {file = "PyQt5_sip-12.13.0-cp312-cp312-manylinux_2_5_x86_64.manylinux1_x86_64.whl", hash = "sha256:773731b1b5ab1a7cf5621249f2379c95e3d2905e9bd96ff3611b119586daa876"},
    {file = "PyQt5_sip-12.13.0-cp312-cp312-win32.whl", hash = "sha256:fb4a5271fa3f6bc2feb303269a837a95a6d8dd16be553aa40e530de7fb81bfdf"},
    {file = "PyQt5_sip-12.13.0-cp312-cp312-win_amd64.whl", hash = "sha256:3a4498f3b1b15f43f5d12963accdce0fd652b0bcaae6baf8008663365827444c"},
    {file = "PyQt5_sip-12.13.0-cp38-cp38-macosx_10_9_x86_64.whl", hash = "sha256:9b984c2620a7a7eaf049221b09ae50a345317add2624c706c7d2e9e6632a9587"},
    {file = "PyQt5_sip-12.13.0-cp38-cp38-manylinux_2_5_x86_64.manylinux1_x86_64.whl", hash = "sha256:3188a06956aef86f604fb0d14421a110fad70d2a9e943dbacbfc3303f651dade"},
    {file = "PyQt5_sip-12.13.0-cp38-cp38-win32.whl", hash = "sha256:108a15f603e1886988c4b0d9d41cb74c9f9815bf05cefc843d559e8c298a10ce"},
    {file = "PyQt5_sip-12.13.0-cp38-cp38-win_amd64.whl", hash = "sha256:db228cd737f5cbfc66a3c3e50042140cb80b30b52edc5756dbbaa2346ec73137"},
    {file = "PyQt5_sip-12.13.0-cp39-cp39-macosx_10_9_universal2.whl", hash = "sha256:5338773bbaedaa4f16a73c142fb23cc18c327be6c338813af70260b756c7bc92"},
    {file = "PyQt5_sip-12.13.0-cp39-cp39-manylinux_2_5_x86_64.manylinux1_x86_64.whl", hash = "sha256:29fa9cc964517c9fc3f94f072b9a2aeef4e7a2eda1879cb835d9e06971161cdf"},
    {file = "PyQt5_sip-12.13.0-cp39-cp39-win32.whl", hash = "sha256:96414c93f3d33963887cf562d50d88b955121fbfd73f937c8eca46643e77bf61"},
    {file = "PyQt5_sip-12.13.0-cp39-cp39-win_amd64.whl", hash = "sha256:bbc7cd498bf19e0862097be1ad2243e824dea56726f00c11cff1b547c2d31d01"},
    {file = "PyQt5_sip-12.13.0.tar.gz", hash = "sha256:7f321daf84b9c9dbca61b80e1ef37bdaffc0e93312edae2cd7da25b953971d91"},
]

[[package]]
name = "pywin32-ctypes"
version = "0.2.2"
description = "A (partial) reimplementation of pywin32 using ctypes/cffi"
optional = false
python-versions = ">=3.6"
files = [
    {file = "pywin32-ctypes-0.2.2.tar.gz", hash = "sha256:3426e063bdd5fd4df74a14fa3cf80a0b42845a87e1d1e81f6549f9daec593a60"},
    {file = "pywin32_ctypes-0.2.2-py3-none-any.whl", hash = "sha256:bf490a1a709baf35d688fe0ecf980ed4de11d2b3e37b51e5442587a75d9957e7"},
]

[[package]]
name = "setuptools"
version = "68.2.2"
description = "Easily download, build, install, upgrade, and uninstall Python packages"
optional = false
python-versions = ">=3.8"
files = [
    {file = "setuptools-68.2.2-py3-none-any.whl", hash = "sha256:b454a35605876da60632df1a60f736524eb73cc47bbc9f3f1ef1b644de74fd2a"},
    {file = "setuptools-68.2.2.tar.gz", hash = "sha256:4ac1475276d2f1c48684874089fefcd83bd7162ddaafb81fac866ba0db282a87"},
]

[package.extras]
docs = ["furo", "jaraco.packaging (>=9.3)", "jaraco.tidelift (>=1.4)", "pygments-github-lexers (==0.0.5)", "rst.linker (>=1.9)", "sphinx (>=3.5)", "sphinx-favicon", "sphinx-hoverxref (<2)", "sphinx-inline-tabs", "sphinx-lint", "sphinx-notfound-page (>=1,<2)", "sphinx-reredirects", "sphinxcontrib-towncrier"]
testing = ["build[virtualenv]", "filelock (>=3.4.0)", "flake8-2020", "ini2toml[lite] (>=0.9)", "jaraco.develop (>=7.21)", "jaraco.envs (>=2.2)", "jaraco.path (>=3.2.0)", "pip (>=19.1)", "pytest (>=6)", "pytest-black (>=0.3.7)", "pytest-checkdocs (>=2.4)", "pytest-cov", "pytest-enabler (>=2.2)", "pytest-mypy (>=0.9.1)", "pytest-perf", "pytest-ruff", "pytest-timeout", "pytest-xdist", "tomli-w (>=1.0.0)", "virtualenv (>=13.0.0)", "wheel"]
testing-integration = ["build[virtualenv] (>=1.0.3)", "filelock (>=3.4.0)", "jaraco.envs (>=2.2)", "jaraco.path (>=3.2.0)", "packaging (>=23.1)", "pytest", "pytest-enabler", "pytest-xdist", "tomli", "virtualenv (>=13.0.0)", "wheel"]

[[package]]
name = "zipp"
version = "3.17.0"
description = "Backport of pathlib-compatible object wrapper for zip files"
optional = false
python-versions = ">=3.8"
files = [
    {file = "zipp-3.17.0-py3-none-any.whl", hash = "sha256:0e923e726174922dce09c53c59ad483ff7bbb8e572e00c7f7c46b88556409f31"},
    {file = "zipp-3.17.0.tar.gz", hash = "sha256:84e64a1c28cf7e91ed2078bb8cc8c259cb19b76942096c8d7b84947690cabaf0"},
]

[package.extras]
docs = ["furo", "jaraco.packaging (>=9.3)", "jaraco.tidelift (>=1.4)", "rst.linker (>=1.9)", "sphinx (<7.2.5)", "sphinx (>=3.5)", "sphinx-lint"]
testing = ["big-O", "jaraco.functools", "jaraco.itertools", "more-itertools", "pytest (>=6)", "pytest-black (>=0.3.7)", "pytest-checkdocs (>=2.4)", "pytest-cov", "pytest-enabler (>=2.2)", "pytest-ignore-flaky", "pytest-mypy (>=0.9.1)", "pytest-ruff"]

[metadata]
lock-version = "2.0"
python-versions = "~3.9"
content-hash = "3d2c1e1e7e3816baedccdd52bf380e30a150770c18cc1978cee3276cce3e064e"
